// !$*UTF8*$!
{
	archiveVersion = 1;
	classes = {
	};
	objectVersion = 46;
	objects = {

/* Begin PBXBuildFile section */
		847B98461E28148C00461BCC /* main.m in Sources */ = {isa = PBXBuildFile; fileRef = 847B98451E28148C00461BCC /* main.m */; };
		847B98491E28148C00461BCC /* AppDelegate.m in Sources */ = {isa = PBXBuildFile; fileRef = 847B98481E28148C00461BCC /* AppDelegate.m */; };
		847B984C1E28148C00461BCC /* ViewController.m in Sources */ = {isa = PBXBuildFile; fileRef = 847B984B1E28148C00461BCC /* ViewController.m */; };
		847B984F1E28148C00461BCC /* Main.storyboard in Resources */ = {isa = PBXBuildFile; fileRef = 847B984D1E28148C00461BCC /* Main.storyboard */; };
		847B98511E28148C00461BCC /* Assets.xcassets in Resources */ = {isa = PBXBuildFile; fileRef = 847B98501E28148C00461BCC /* Assets.xcassets */; };
		847B98541E28148C00461BCC /* LaunchScreen.storyboard in Resources */ = {isa = PBXBuildFile; fileRef = 847B98521E28148C00461BCC /* LaunchScreen.storyboard */; };
		847B985F1E28148C00461BCC /* WellsStoreProjectTests.m in Sources */ = {isa = PBXBuildFile; fileRef = 847B985E1E28148C00461BCC /* WellsStoreProjectTests.m */; };
		847B986A1E28148C00461BCC /* WellsStoreProjectUITests.m in Sources */ = {isa = PBXBuildFile; fileRef = 847B98691E28148C00461BCC /* WellsStoreProjectUITests.m */; };
		847B988A1E28159300461BCC /* 1.png in Resources */ = {isa = PBXBuildFile; fileRef = 847B98771E28159300461BCC /* 1.png */; };
		847B988B1E28159300461BCC /* titleimage.png in Resources */ = {isa = PBXBuildFile; fileRef = 847B98781E28159300461BCC /* titleimage.png */; };
		847B988C1E28159300461BCC /* 10.png in Resources */ = {isa = PBXBuildFile; fileRef = 847B98791E28159300461BCC /* 10.png */; };
		847B988D1E28159300461BCC /* 11.png in Resources */ = {isa = PBXBuildFile; fileRef = 847B987A1E28159300461BCC /* 11.png */; };
		847B988E1E28159300461BCC /* cartShop.png in Resources */ = {isa = PBXBuildFile; fileRef = 847B987B1E28159300461BCC /* cartShop.png */; };
		847B988F1E28159300461BCC /* 2.png in Resources */ = {isa = PBXBuildFile; fileRef = 847B987C1E28159300461BCC /* 2.png */; };
		847B98901E28159300461BCC /* 3.png in Resources */ = {isa = PBXBuildFile; fileRef = 847B987D1E28159300461BCC /* 3.png */; };
		847B98911E28159300461BCC /* 4.png in Resources */ = {isa = PBXBuildFile; fileRef = 847B987E1E28159300461BCC /* 4.png */; };
		847B98921E28159300461BCC /* 5.png in Resources */ = {isa = PBXBuildFile; fileRef = 847B987F1E28159300461BCC /* 5.png */; };
		847B98931E28159300461BCC /* style.jpeg in Resources */ = {isa = PBXBuildFile; fileRef = 847B98801E28159300461BCC /* style.jpeg */; };
		847B98941E28159300461BCC /* 9.png in Resources */ = {isa = PBXBuildFile; fileRef = 847B98811E28159300461BCC /* 9.png */; };
		847B98951E28159300461BCC /* 6.png in Resources */ = {isa = PBXBuildFile; fileRef = 847B98821E28159300461BCC /* 6.png */; };
		847B98961E28159300461BCC /* 7.png in Resources */ = {isa = PBXBuildFile; fileRef = 847B98831E28159300461BCC /* 7.png */; };
		847B98971E28159300461BCC /* 8.png in Resources */ = {isa = PBXBuildFile; fileRef = 847B98841E28159300461BCC /* 8.png */; };
		847B98981E28159300461BCC /* backButton.png in Resources */ = {isa = PBXBuildFile; fileRef = 847B98851E28159300461BCC /* backButton.png */; };
		847B98991E28159300461BCC /* emptyDot.png in Resources */ = {isa = PBXBuildFile; fileRef = 847B98861E28159300461BCC /* emptyDot.png */; };
		847B989A1E28159300461BCC /* filledDot.png in Resources */ = {isa = PBXBuildFile; fileRef = 847B98871E28159300461BCC /* filledDot.png */; };
		847B989B1E28159300461BCC /* menu.png in Resources */ = {isa = PBXBuildFile; fileRef = 847B98881E28159300461BCC /* menu.png */; };
		847B989C1E28159300461BCC /* profile.png in Resources */ = {isa = PBXBuildFile; fileRef = 847B98891E28159300461BCC /* profile.png */; };
		847B989F1E281C7800461BCC /* mainViewController.m in Sources */ = {isa = PBXBuildFile; fileRef = 847B989E1E281C7800461BCC /* mainViewController.m */; };
		847B98A21E2884E000461BCC /* DisplayViewController.m in Sources */ = {isa = PBXBuildFile; fileRef = 847B98A11E2884E000461BCC /* DisplayViewController.m */; };
/* End PBXBuildFile section */

/* Begin PBXContainerItemProxy section */
		847B985B1E28148C00461BCC /* PBXContainerItemProxy */ = {
			isa = PBXContainerItemProxy;
			containerPortal = 847B98391E28148C00461BCC /* Project object */;
			proxyType = 1;
			remoteGlobalIDString = 847B98401E28148C00461BCC;
			remoteInfo = WellsStoreProject;
		};
		847B98661E28148C00461BCC /* PBXContainerItemProxy */ = {
			isa = PBXContainerItemProxy;
			containerPortal = 847B98391E28148C00461BCC /* Project object */;
			proxyType = 1;
			remoteGlobalIDString = 847B98401E28148C00461BCC;
			remoteInfo = WellsStoreProject;
		};
/* End PBXContainerItemProxy section */

/* Begin PBXFileReference section */
		847B98411E28148C00461BCC /* WellsStoreProject.app */ = {isa = PBXFileReference; explicitFileType = wrapper.application; includeInIndex = 0; path = WellsStoreProject.app; sourceTree = BUILT_PRODUCTS_DIR; };
		847B98451E28148C00461BCC /* main.m */ = {isa = PBXFileReference; lastKnownFileType = sourcecode.c.objc; path = main.m; sourceTree = "<group>"; };
		847B98471E28148C00461BCC /* AppDelegate.h */ = {isa = PBXFileReference; lastKnownFileType = sourcecode.c.h; path = AppDelegate.h; sourceTree = "<group>"; };
		847B98481E28148C00461BCC /* AppDelegate.m */ = {isa = PBXFileReference; lastKnownFileType = sourcecode.c.objc; path = AppDelegate.m; sourceTree = "<group>"; };
		847B984A1E28148C00461BCC /* ViewController.h */ = {isa = PBXFileReference; lastKnownFileType = sourcecode.c.h; path = ViewController.h; sourceTree = "<group>"; };
		847B984B1E28148C00461BCC /* ViewController.m */ = {isa = PBXFileReference; lastKnownFileType = sourcecode.c.objc; path = ViewController.m; sourceTree = "<group>"; };
		847B984E1E28148C00461BCC /* Base */ = {isa = PBXFileReference; lastKnownFileType = file.storyboard; name = Base; path = Base.lproj/Main.storyboard; sourceTree = "<group>"; };
		847B98501E28148C00461BCC /* Assets.xcassets */ = {isa = PBXFileReference; lastKnownFileType = folder.assetcatalog; path = Assets.xcassets; sourceTree = "<group>"; };
		847B98531E28148C00461BCC /* Base */ = {isa = PBXFileReference; lastKnownFileType = file.storyboard; name = Base; path = Base.lproj/LaunchScreen.storyboard; sourceTree = "<group>"; };
		847B98551E28148C00461BCC /* Info.plist */ = {isa = PBXFileReference; lastKnownFileType = text.plist.xml; path = Info.plist; sourceTree = "<group>"; };
		847B985A1E28148C00461BCC /* WellsStoreProjectTests.xctest */ = {isa = PBXFileReference; explicitFileType = wrapper.cfbundle; includeInIndex = 0; path = WellsStoreProjectTests.xctest; sourceTree = BUILT_PRODUCTS_DIR; };
		847B985E1E28148C00461BCC /* WellsStoreProjectTests.m */ = {isa = PBXFileReference; lastKnownFileType = sourcecode.c.objc; path = WellsStoreProjectTests.m; sourceTree = "<group>"; };
		847B98601E28148C00461BCC /* Info.plist */ = {isa = PBXFileReference; lastKnownFileType = text.plist.xml; path = Info.plist; sourceTree = "<group>"; };
		847B98651E28148C00461BCC /* WellsStoreProjectUITests.xctest */ = {isa = PBXFileReference; explicitFileType = wrapper.cfbundle; includeInIndex = 0; path = WellsStoreProjectUITests.xctest; sourceTree = BUILT_PRODUCTS_DIR; };
		847B98691E28148C00461BCC /* WellsStoreProjectUITests.m */ = {isa = PBXFileReference; lastKnownFileType = sourcecode.c.objc; path = WellsStoreProjectUITests.m; sourceTree = "<group>"; };
		847B986B1E28148C00461BCC /* Info.plist */ = {isa = PBXFileReference; lastKnownFileType = text.plist.xml; path = Info.plist; sourceTree = "<group>"; };
		847B98771E28159300461BCC /* 1.png */ = {isa = PBXFileReference; lastKnownFileType = image.png; path = 1.png; sourceTree = "<group>"; };
		847B98781E28159300461BCC /* titleimage.png */ = {isa = PBXFileReference; lastKnownFileType = image.png; path = titleimage.png; sourceTree = "<group>"; };
		847B98791E28159300461BCC /* 10.png */ = {isa = PBXFileReference; lastKnownFileType = image.png; path = 10.png; sourceTree = "<group>"; };
		847B987A1E28159300461BCC /* 11.png */ = {isa = PBXFileReference; lastKnownFileType = image.png; path = 11.png; sourceTree = "<group>"; };
		847B987B1E28159300461BCC /* cartShop.png */ = {isa = PBXFileReference; lastKnownFileType = image.png; path = cartShop.png; sourceTree = "<group>"; };
		847B987C1E28159300461BCC /* 2.png */ = {isa = PBXFileReference; lastKnownFileType = image.png; path = 2.png; sourceTree = "<group>"; };
		847B987D1E28159300461BCC /* 3.png */ = {isa = PBXFileReference; lastKnownFileType = image.png; path = 3.png; sourceTree = "<group>"; };
		847B987E1E28159300461BCC /* 4.png */ = {isa = PBXFileReference; lastKnownFileType = image.png; path = 4.png; sourceTree = "<group>"; };
		847B987F1E28159300461BCC /* 5.png */ = {isa = PBXFileReference; lastKnownFileType = image.png; path = 5.png; sourceTree = "<group>"; };
		847B98801E28159300461BCC /* style.jpeg */ = {isa = PBXFileReference; lastKnownFileType = image.jpeg; path = style.jpeg; sourceTree = "<group>"; };
		847B98811E28159300461BCC /* 9.png */ = {isa = PBXFileReference; lastKnownFileType = image.png; path = 9.png; sourceTree = "<group>"; };
		847B98821E28159300461BCC /* 6.png */ = {isa = PBXFileReference; lastKnownFileType = image.png; path = 6.png; sourceTree = "<group>"; };
		847B98831E28159300461BCC /* 7.png */ = {isa = PBXFileReference; lastKnownFileType = image.png; path = 7.png; sourceTree = "<group>"; };
		847B98841E28159300461BCC /* 8.png */ = {isa = PBXFileReference; lastKnownFileType = image.png; path = 8.png; sourceTree = "<group>"; };
		847B98851E28159300461BCC /* backButton.png */ = {isa = PBXFileReference; lastKnownFileType = image.png; path = backButton.png; sourceTree = "<group>"; };
		847B98861E28159300461BCC /* emptyDot.png */ = {isa = PBXFileReference; lastKnownFileType = image.png; path = emptyDot.png; sourceTree = "<group>"; };
		847B98871E28159300461BCC /* filledDot.png */ = {isa = PBXFileReference; lastKnownFileType = image.png; path = filledDot.png; sourceTree = "<group>"; };
		847B98881E28159300461BCC /* menu.png */ = {isa = PBXFileReference; lastKnownFileType = image.png; path = menu.png; sourceTree = "<group>"; };
		847B98891E28159300461BCC /* profile.png */ = {isa = PBXFileReference; lastKnownFileType = image.png; path = profile.png; sourceTree = "<group>"; };
		847B989D1E281C7800461BCC /* mainViewController.h */ = {isa = PBXFileReference; fileEncoding = 4; lastKnownFileType = sourcecode.c.h; path = mainViewController.h; sourceTree = "<group>"; };
		847B989E1E281C7800461BCC /* mainViewController.m */ = {isa = PBXFileReference; fileEncoding = 4; lastKnownFileType = sourcecode.c.objc; path = mainViewController.m; sourceTree = "<group>"; };
		847B98A01E2884E000461BCC /* DisplayViewController.h */ = {isa = PBXFileReference; fileEncoding = 4; lastKnownFileType = sourcecode.c.h; path = DisplayViewController.h; sourceTree = "<group>"; };
		847B98A11E2884E000461BCC /* DisplayViewController.m */ = {isa = PBXFileReference; fileEncoding = 4; lastKnownFileType = sourcecode.c.objc; path = DisplayViewController.m; sourceTree = "<group>"; };
/* End PBXFileReference section */

/* Begin PBXFrameworksBuildPhase section */
		847B983E1E28148C00461BCC /* Frameworks */ = {
			isa = PBXFrameworksBuildPhase;
			buildActionMask = 2147483647;
			files = (
			);
			runOnlyForDeploymentPostprocessing = 0;
		};
		847B98571E28148C00461BCC /* Frameworks */ = {
			isa = PBXFrameworksBuildPhase;
			buildActionMask = 2147483647;
			files = (
			);
			runOnlyForDeploymentPostprocessing = 0;
		};
		847B98621E28148C00461BCC /* Frameworks */ = {
			isa = PBXFrameworksBuildPhase;
			buildActionMask = 2147483647;
			files = (
			);
			runOnlyForDeploymentPostprocessing = 0;
		};
/* End PBXFrameworksBuildPhase section */

/* Begin PBXGroup section */
		847B98381E28148C00461BCC = {
			isa = PBXGroup;
			children = (
				847B98A01E2884E000461BCC /* DisplayViewController.h */,
				847B98A11E2884E000461BCC /* DisplayViewController.m */,
				847B989D1E281C7800461BCC /* mainViewController.h */,
				847B989E1E281C7800461BCC /* mainViewController.m */,
				847B98431E28148C00461BCC /* WellsStoreProject */,
				847B985D1E28148C00461BCC /* WellsStoreProjectTests */,
				847B98681E28148C00461BCC /* WellsStoreProjectUITests */,
				847B98421E28148C00461BCC /* Products */,
			);
			sourceTree = "<group>";
		};
		847B98421E28148C00461BCC /* Products */ = {
			isa = PBXGroup;
			children = (
				847B98411E28148C00461BCC /* WellsStoreProject.app */,
				847B985A1E28148C00461BCC /* WellsStoreProjectTests.xctest */,
				847B98651E28148C00461BCC /* WellsStoreProjectUITests.xctest */,
			);
			name = Products;
			sourceTree = "<group>";
		};
		847B98431E28148C00461BCC /* WellsStoreProject */ = {
			isa = PBXGroup;
			children = (
				847B98471E28148C00461BCC /* AppDelegate.h */,
				847B98481E28148C00461BCC /* AppDelegate.m */,
				847B984A1E28148C00461BCC /* ViewController.h */,
				847B984B1E28148C00461BCC /* ViewController.m */,
				847B984D1E28148C00461BCC /* Main.storyboard */,
				847B98771E28159300461BCC /* 1.png */,
				847B98781E28159300461BCC /* titleimage.png */,
				847B98791E28159300461BCC /* 10.png */,
				847B987A1E28159300461BCC /* 11.png */,
				847B987B1E28159300461BCC /* cartShop.png */,
				847B987C1E28159300461BCC /* 2.png */,
				847B987D1E28159300461BCC /* 3.png */,
				847B987E1E28159300461BCC /* 4.png */,
				847B987F1E28159300461BCC /* 5.png */,
				847B98801E28159300461BCC /* style.jpeg */,
				847B98811E28159300461BCC /* 9.png */,
				847B98821E28159300461BCC /* 6.png */,
				847B98831E28159300461BCC /* 7.png */,
				847B98841E28159300461BCC /* 8.png */,
				847B98851E28159300461BCC /* backButton.png */,
				847B98861E28159300461BCC /* emptyDot.png */,
				847B98871E28159300461BCC /* filledDot.png */,
				847B98881E28159300461BCC /* menu.png */,
				847B98891E28159300461BCC /* profile.png */,
				847B98501E28148C00461BCC /* Assets.xcassets */,
				847B98521E28148C00461BCC /* LaunchScreen.storyboard */,
				847B98551E28148C00461BCC /* Info.plist */,
				847B98441E28148C00461BCC /* Supporting Files */,
			);
			path = WellsStoreProject;
			sourceTree = "<group>";
		};
		847B98441E28148C00461BCC /* Supporting Files */ = {
			isa = PBXGroup;
			children = (
				847B98451E28148C00461BCC /* main.m */,
			);
			name = "Supporting Files";
			sourceTree = "<group>";
		};
		847B985D1E28148C00461BCC /* WellsStoreProjectTests */ = {
			isa = PBXGroup;
			children = (
				847B985E1E28148C00461BCC /* WellsStoreProjectTests.m */,
				847B98601E28148C00461BCC /* Info.plist */,
			);
			path = WellsStoreProjectTests;
			sourceTree = "<group>";
		};
		847B98681E28148C00461BCC /* WellsStoreProjectUITests */ = {
			isa = PBXGroup;
			children = (
				847B98691E28148C00461BCC /* WellsStoreProjectUITests.m */,
				847B986B1E28148C00461BCC /* Info.plist */,
			);
			path = WellsStoreProjectUITests;
			sourceTree = "<group>";
		};
/* End PBXGroup section */

/* Begin PBXNativeTarget section */
		847B98401E28148C00461BCC /* WellsStoreProject */ = {
			isa = PBXNativeTarget;
			buildConfigurationList = 847B986E1E28148C00461BCC /* Build configuration list for PBXNativeTarget "WellsStoreProject" */;
			buildPhases = (
				847B983D1E28148C00461BCC /* Sources */,
				847B983E1E28148C00461BCC /* Frameworks */,
				847B983F1E28148C00461BCC /* Resources */,
			);
			buildRules = (
			);
			dependencies = (
			);
			name = WellsStoreProject;
			productName = WellsStoreProject;
			productReference = 847B98411E28148C00461BCC /* WellsStoreProject.app */;
			productType = "com.apple.product-type.application";
		};
		847B98591E28148C00461BCC /* WellsStoreProjectTests */ = {
			isa = PBXNativeTarget;
			buildConfigurationList = 847B98711E28148C00461BCC /* Build configuration list for PBXNativeTarget "WellsStoreProjectTests" */;
			buildPhases = (
				847B98561E28148C00461BCC /* Sources */,
				847B98571E28148C00461BCC /* Frameworks */,
				847B98581E28148C00461BCC /* Resources */,
			);
			buildRules = (
			);
			dependencies = (
				847B985C1E28148C00461BCC /* PBXTargetDependency */,
			);
			name = WellsStoreProjectTests;
			productName = WellsStoreProjectTests;
			productReference = 847B985A1E28148C00461BCC /* WellsStoreProjectTests.xctest */;
			productType = "com.apple.product-type.bundle.unit-test";
		};
		847B98641E28148C00461BCC /* WellsStoreProjectUITests */ = {
			isa = PBXNativeTarget;
			buildConfigurationList = 847B98741E28148C00461BCC /* Build configuration list for PBXNativeTarget "WellsStoreProjectUITests" */;
			buildPhases = (
				847B98611E28148C00461BCC /* Sources */,
				847B98621E28148C00461BCC /* Frameworks */,
				847B98631E28148C00461BCC /* Resources */,
			);
			buildRules = (
			);
			dependencies = (
				847B98671E28148C00461BCC /* PBXTargetDependency */,
			);
			name = WellsStoreProjectUITests;
			productName = WellsStoreProjectUITests;
			productReference = 847B98651E28148C00461BCC /* WellsStoreProjectUITests.xctest */;
			productType = "com.apple.product-type.bundle.ui-testing";
		};
/* End PBXNativeTarget section */

/* Begin PBXProject section */
		847B98391E28148C00461BCC /* Project object */ = {
			isa = PBXProject;
			attributes = {
				LastUpgradeCheck = 0810;
				ORGANIZATIONNAME = Admin;
				TargetAttributes = {
					847B98401E28148C00461BCC = {
						CreatedOnToolsVersion = 8.1;
						DevelopmentTeam = C56M7375EH;
						ProvisioningStyle = Automatic;
					};
					847B98591E28148C00461BCC = {
						CreatedOnToolsVersion = 8.1;
						DevelopmentTeam = C56M7375EH;
						ProvisioningStyle = Automatic;
						TestTargetID = 847B98401E28148C00461BCC;
					};
					847B98641E28148C00461BCC = {
						CreatedOnToolsVersion = 8.1;
						DevelopmentTeam = C56M7375EH;
						ProvisioningStyle = Automatic;
						TestTargetID = 847B98401E28148C00461BCC;
					};
				};
			};
			buildConfigurationList = 847B983C1E28148C00461BCC /* Build configuration list for PBXProject "WellsStoreProject" */;
			compatibilityVersion = "Xcode 3.2";
			developmentRegion = English;
			hasScannedForEncodings = 0;
			knownRegions = (
				en,
				Base,
			);
			mainGroup = 847B98381E28148C00461BCC;
			productRefGroup = 847B98421E28148C00461BCC /* Products */;
			projectDirPath = "";
			projectRoot = "";
			targets = (
				847B98401E28148C00461BCC /* WellsStoreProject */,
				847B98591E28148C00461BCC /* WellsStoreProjectTests */,
				847B98641E28148C00461BCC /* WellsStoreProjectUITests */,
			);
		};
/* End PBXProject section */

/* Begin PBXResourcesBuildPhase section */
		847B983F1E28148C00461BCC /* Resources */ = {
			isa = PBXResourcesBuildPhase;
			buildActionMask = 2147483647;
			files = (
				847B98911E28159300461BCC /* 4.png in Resources */,
				847B98541E28148C00461BCC /* LaunchScreen.storyboard in Resources */,
				847B988A1E28159300461BCC /* 1.png in Resources */,
				847B988C1E28159300461BCC /* 10.png in Resources */,
				847B98981E28159300461BCC /* backButton.png in Resources */,
				847B988E1E28159300461BCC /* cartShop.png in Resources */,
				847B98511E28148C00461BCC /* Assets.xcassets in Resources */,
				847B98901E28159300461BCC /* 3.png in Resources */,
				847B984F1E28148C00461BCC /* Main.storyboard in Resources */,
				847B98991E28159300461BCC /* emptyDot.png in Resources */,
				847B98971E28159300461BCC /* 8.png in Resources */,
				847B989B1E28159300461BCC /* menu.png in Resources */,
				847B988F1E28159300461BCC /* 2.png in Resources */,
				847B98951E28159300461BCC /* 6.png in Resources */,
				847B98941E28159300461BCC /* 9.png in Resources */,
				847B98921E28159300461BCC /* 5.png in Resources */,
				847B98931E28159300461BCC /* style.jpeg in Resources */,
				847B988D1E28159300461BCC /* 11.png in Resources */,
				847B988B1E28159300461BCC /* titleimage.png in Resources */,
				847B989C1E28159300461BCC /* profile.png in Resources */,
				847B98961E28159300461BCC /* 7.png in Resources */,
				847B989A1E28159300461BCC /* filledDot.png in Resources */,
			);
			runOnlyForDeploymentPostprocessing = 0;
		};
		847B98581E28148C00461BCC /* Resources */ = {
			isa = PBXResourcesBuildPhase;
			buildActionMask = 2147483647;
			files = (
			);
			runOnlyForDeploymentPostprocessing = 0;
		};
		847B98631E28148C00461BCC /* Resources */ = {
			isa = PBXResourcesBuildPhase;
			buildActionMask = 2147483647;
			files = (
			);
			runOnlyForDeploymentPostprocessing = 0;
		};
/* End PBXResourcesBuildPhase section */

/* Begin PBXSourcesBuildPhase section */
		847B983D1E28148C00461BCC /* Sources */ = {
			isa = PBXSourcesBuildPhase;
			buildActionMask = 2147483647;
			files = (
				847B98A21E2884E000461BCC /* DisplayViewController.m in Sources */,
				847B984C1E28148C00461BCC /* ViewController.m in Sources */,
				847B98491E28148C00461BCC /* AppDelegate.m in Sources */,
				847B98461E28148C00461BCC /* main.m in Sources */,
				847B989F1E281C7800461BCC /* mainViewController.m in Sources */,
			);
			runOnlyForDeploymentPostprocessing = 0;
		};
		847B98561E28148C00461BCC /* Sources */ = {
			isa = PBXSourcesBuildPhase;
			buildActionMask = 2147483647;
			files = (
				847B985F1E28148C00461BCC /* WellsStoreProjectTests.m in Sources */,
			);
			runOnlyForDeploymentPostprocessing = 0;
		};
		847B98611E28148C00461BCC /* Sources */ = {
			isa = PBXSourcesBuildPhase;
			buildActionMask = 2147483647;
			files = (
				847B986A1E28148C00461BCC /* WellsStoreProjectUITests.m in Sources */,
			);
			runOnlyForDeploymentPostprocessing = 0;
		};
/* End PBXSourcesBuildPhase section */

/* Begin PBXTargetDependency section */
		847B985C1E28148C00461BCC /* PBXTargetDependency */ = {
			isa = PBXTargetDependency;
			target = 847B98401E28148C00461BCC /* WellsStoreProject */;
			targetProxy = 847B985B1E28148C00461BCC /* PBXContainerItemProxy */;
		};
		847B98671E28148C00461BCC /* PBXTargetDependency */ = {
			isa = PBXTargetDependency;
			target = 847B98401E28148C00461BCC /* WellsStoreProject */;
			targetProxy = 847B98661E28148C00461BCC /* PBXContainerItemProxy */;
		};
/* End PBXTargetDependency section */

/* Begin PBXVariantGroup section */
		847B984D1E28148C00461BCC /* Main.storyboard */ = {
			isa = PBXVariantGroup;
			children = (
				847B984E1E28148C00461BCC /* Base */,
			);
			name = Main.storyboard;
			sourceTree = "<group>";
		};
		847B98521E28148C00461BCC /* LaunchScreen.storyboard */ = {
			isa = PBXVariantGroup;
			children = (
				847B98531E28148C00461BCC /* Base */,
			);
			name = LaunchScreen.storyboard;
			sourceTree = "<group>";
		};
/* End PBXVariantGroup section */

/* Begin XCBuildConfiguration section */
		847B986C1E28148C00461BCC /* Debug */ = {
			isa = XCBuildConfiguration;
			buildSettings = {
				ALWAYS_SEARCH_USER_PATHS = NO;
				CLANG_ANALYZER_NONNULL = YES;
				CLANG_CXX_LANGUAGE_STANDARD = "gnu++0x";
				CLANG_CXX_LIBRARY = "libc++";
				CLANG_ENABLE_MODULES = YES;
				CLANG_ENABLE_OBJC_ARC = YES;
				CLANG_WARN_BOOL_CONVERSION = YES;
				CLANG_WARN_CONSTANT_CONVERSION = YES;
				CLANG_WARN_DIRECT_OBJC_ISA_USAGE = YES_ERROR;
				CLANG_WARN_DOCUMENTATION_COMMENTS = YES;
				CLANG_WARN_EMPTY_BODY = YES;
				CLANG_WARN_ENUM_CONVERSION = YES;
				CLANG_WARN_INFINITE_RECURSION = YES;
				CLANG_WARN_INT_CONVERSION = YES;
				CLANG_WARN_OBJC_ROOT_CLASS = YES_ERROR;
				CLANG_WARN_SUSPICIOUS_MOVES = YES;
				CLANG_WARN_UNREACHABLE_CODE = YES;
				CLANG_WARN__DUPLICATE_METHOD_MATCH = YES;
				"CODE_SIGN_IDENTITY[sdk=iphoneos*]" = "iPhone Developer";
				COPY_PHASE_STRIP = NO;
				DEBUG_INFORMATION_FORMAT = dwarf;
				ENABLE_STRICT_OBJC_MSGSEND = YES;
				ENABLE_TESTABILITY = YES;
				GCC_C_LANGUAGE_STANDARD = gnu99;
				GCC_DYNAMIC_NO_PIC = NO;
				GCC_NO_COMMON_BLOCKS = YES;
				GCC_OPTIMIZATION_LEVEL = 0;
				GCC_PREPROCESSOR_DEFINITIONS = (
					"DEBUG=1",
					"$(inherited)",
				);
				GCC_WARN_64_TO_32_BIT_CONVERSION = YES;
				GCC_WARN_ABOUT_RETURN_TYPE = YES_ERROR;
				GCC_WARN_UNDECLARED_SELECTOR = YES;
				GCC_WARN_UNINITIALIZED_AUTOS = YES_AGGRESSIVE;
				GCC_WARN_UNUSED_FUNCTION = YES;
				GCC_WARN_UNUSED_VARIABLE = YES;
				IPHONEOS_DEPLOYMENT_TARGET = 10.1;
				MTL_ENABLE_DEBUG_INFO = YES;
				ONLY_ACTIVE_ARCH = YES;
				SDKROOT = iphoneos;
				TARGETED_DEVICE_FAMILY = "1,2";
			};
			name = Debug;
		};
		847B986D1E28148C00461BCC /* Release */ = {
			isa = XCBuildConfiguration;
			buildSettings = {
				ALWAYS_SEARCH_USER_PATHS = NO;
				CLANG_ANALYZER_NONNULL = YES;
				CLANG_CXX_LANGUAGE_STANDARD = "gnu++0x";
				CLANG_CXX_LIBRARY = "libc++";
				CLANG_ENABLE_MODULES = YES;
				CLANG_ENABLE_OBJC_ARC = YES;
				CLANG_WARN_BOOL_CONVERSION = YES;
				CLANG_WARN_CONSTANT_CONVERSION = YES;
				CLANG_WARN_DIRECT_OBJC_ISA_USAGE = YES_ERROR;
				CLANG_WARN_DOCUMENTATION_COMMENTS = YES;
				CLANG_WARN_EMPTY_BODY = YES;
				CLANG_WARN_ENUM_CONVERSION = YES;
				CLANG_WARN_INFINITE_RECURSION = YES;
				CLANG_WARN_INT_CONVERSION = YES;
				CLANG_WARN_OBJC_ROOT_CLASS = YES_ERROR;
				CLANG_WARN_SUSPICIOUS_MOVES = YES;
				CLANG_WARN_UNREACHABLE_CODE = YES;
				CLANG_WARN__DUPLICATE_METHOD_MATCH = YES;
				"CODE_SIGN_IDENTITY[sdk=iphoneos*]" = "iPhone Developer";
				COPY_PHASE_STRIP = NO;
				DEBUG_INFORMATION_FORMAT = "dwarf-with-dsym";
				ENABLE_NS_ASSERTIONS = NO;
				ENABLE_STRICT_OBJC_MSGSEND = YES;
				GCC_C_LANGUAGE_STANDARD = gnu99;
				GCC_NO_COMMON_BLOCKS = YES;
				GCC_WARN_64_TO_32_BIT_CONVERSION = YES;
				GCC_WARN_ABOUT_RETURN_TYPE = YES_ERROR;
				GCC_WARN_UNDECLARED_SELECTOR = YES;
				GCC_WARN_UNINITIALIZED_AUTOS = YES_AGGRESSIVE;
				GCC_WARN_UNUSED_FUNCTION = YES;
				GCC_WARN_UNUSED_VARIABLE = YES;
				IPHONEOS_DEPLOYMENT_TARGET = 10.1;
				MTL_ENABLE_DEBUG_INFO = NO;
				SDKROOT = iphoneos;
				TARGETED_DEVICE_FAMILY = "1,2";
				VALIDATE_PRODUCT = YES;
			};
			name = Release;
		};
		847B986F1E28148C00461BCC /* Debug */ = {
			isa = XCBuildConfiguration;
			buildSettings = {
				ASSETCATALOG_COMPILER_APPICON_NAME = AppIcon;
				DEVELOPMENT_TEAM = C56M7375EH;
				INFOPLIST_FILE = WellsStoreProject/Info.plist;
				LD_RUNPATH_SEARCH_PATHS = "$(inherited) @executable_path/Frameworks";
				PRODUCT_BUNDLE_IDENTIFIER = com.todharakumar.WellsStoreProject;
				PRODUCT_NAME = "$(TARGET_NAME)";
			};
			name = Debug;
		};
		847B98701E28148C00461BCC /* Release */ = {
			isa = XCBuildConfiguration;
			buildSettings = {
				ASSETCATALOG_COMPILER_APPICON_NAME = AppIcon;
				DEVELOPMENT_TEAM = C56M7375EH;
				INFOPLIST_FILE = WellsStoreProject/Info.plist;
				LD_RUNPATH_SEARCH_PATHS = "$(inherited) @executable_path/Frameworks";
				PRODUCT_BUNDLE_IDENTIFIER = com.todharakumar.WellsStoreProject;
				PRODUCT_NAME = "$(TARGET_NAME)";
			};
			name = Release;
		};
		847B98721E28148C00461BCC /* Debug */ = {
			isa = XCBuildConfiguration;
			buildSettings = {
				BUNDLE_LOADER = "$(TEST_HOST)";
				DEVELOPMENT_TEAM = C56M7375EH;
				INFOPLIST_FILE = WellsStoreProjectTests/Info.plist;
				LD_RUNPATH_SEARCH_PATHS = "$(inherited) @executable_path/Frameworks @loader_path/Frameworks";
				PRODUCT_BUNDLE_IDENTIFIER = com.todharakumar.WellsStoreProjectTests;
				PRODUCT_NAME = "$(TARGET_NAME)";
				TEST_HOST = "$(BUILT_PRODUCTS_DIR)/WellsStoreProject.app/WellsStoreProject";
			};
			name = Debug;
		};
		847B98731E28148C00461BCC /* Release */ = {
			isa = XCBuildConfiguration;
			buildSettings = {
				BUNDLE_LOADER = "$(TEST_HOST)";
				DEVELOPMENT_TEAM = C56M7375EH;
				INFOPLIST_FILE = WellsStoreProjectTests/Info.plist;
				LD_RUNPATH_SEARCH_PATHS = "$(inherited) @executable_path/Frameworks @loader_path/Frameworks";
				PRODUCT_BUNDLE_IDENTIFIER = com.todharakumar.WellsStoreProjectTests;
				PRODUCT_NAME = "$(TARGET_NAME)";
				TEST_HOST = "$(BUILT_PRODUCTS_DIR)/WellsStoreProject.app/WellsStoreProject";
			};
			name = Release;
		};
		847B98751E28148C00461BCC /* Debug */ = {
			isa = XCBuildConfiguration;
			buildSettings = {
				DEVELOPMENT_TEAM = C56M7375EH;
				INFOPLIST_FILE = WellsStoreProjectUITests/Info.plist;
				LD_RUNPATH_SEARCH_PATHS = "$(inherited) @executable_path/Frameworks @loader_path/Frameworks";
				PRODUCT_BUNDLE_IDENTIFIER = com.todharakumar.WellsStoreProjectUITests;
				PRODUCT_NAME = "$(TARGET_NAME)";
				TEST_TARGET_NAME = WellsStoreProject;
			};
			name = Debug;
		};
		847B98761E28148C00461BCC /* Release */ = {
			isa = XCBuildConfiguration;
			buildSettings = {
				DEVELOPMENT_TEAM = C56M7375EH;
				INFOPLIST_FILE = WellsStoreProjectUITests/Info.plist;
				LD_RUNPATH_SEARCH_PATHS = "$(inherited) @executable_path/Frameworks @loader_path/Frameworks";
				PRODUCT_BUNDLE_IDENTIFIER = com.todharakumar.WellsStoreProjectUITests;
				PRODUCT_NAME = "$(TARGET_NAME)";
				TEST_TARGET_NAME = WellsStoreProject;
			};
			name = Release;
		};
/* End XCBuildConfiguration section */

/* Begin XCConfigurationList section */
		847B983C1E28148C00461BCC /* Build configuration list for PBXProject "WellsStoreProject" */ = {
			isa = XCConfigurationList;
			buildConfigurations = (
				847B986C1E28148C00461BCC /* Debug */,
				847B986D1E28148C00461BCC /* Release */,
			);
			defaultConfigurationIsVisible = 0;
			defaultConfigurationName = Release;
		};
		847B986E1E28148C00461BCC /* Build configuration list for PBXNativeTarget "WellsStoreProject" */ = {
			isa = XCConfigurationList;
			buildConfigurations = (
				847B986F1E28148C00461BCC /* Debug */,
				847B98701E28148C00461BCC /* Release */,
			);
			defaultConfigurationIsVisible = 0;
		};
		847B98711E28148C00461BCC /* Build configuration list for PBXNativeTarget "WellsStoreProjectTests" */ = {
			isa = XCConfigurationList;
			buildConfigurations = (
				847B98721E28148C00461BCC /* Debug */,
				847B98731E28148C00461BCC /* Release */,
			);
			defaultConfigurationIsVisible = 0;
		};
		847B98741E28148C00461BCC /* Build configuration list for PBXNativeTarget "WellsStoreProjectUITests" */ = {
			isa = XCConfigurationList;
			buildConfigurations = (
				847B98751E28148C00461BCC /* Debug */,
				847B98761E28148C00461BCC /* Release */,
			);
			defaultConfigurationIsVisible = 0;
		};
/* End XCConfigurationList section */
	};
	rootObject = 847B98391E28148C00461BCC /* Project object */;
}
